// !$*UTF8*$!
{
	archiveVersion = 1;
	classes = {
	};
	objectVersion = 50;
	objects = {

/* Begin PBXBuildFile section */
		567F816521943032007F115F /* SceneViewController.swift in Sources */ = {isa = PBXBuildFile; fileRef = 567F816421943032007F115F /* SceneViewController.swift */; };
		56A1AC422189F49E00A5FB52 /* AppDelegate.swift in Sources */ = {isa = PBXBuildFile; fileRef = 56A1AC412189F49E00A5FB52 /* AppDelegate.swift */; };
		56A1AC442189F49E00A5FB52 /* ViewController.swift in Sources */ = {isa = PBXBuildFile; fileRef = 56A1AC432189F49E00A5FB52 /* ViewController.swift */; };
		56A1AC472189F49E00A5FB52 /* Main.storyboard in Resources */ = {isa = PBXBuildFile; fileRef = 56A1AC452189F49E00A5FB52 /* Main.storyboard */; };
		56A1AC492189F4B100A5FB52 /* Assets.xcassets in Resources */ = {isa = PBXBuildFile; fileRef = 56A1AC482189F4B100A5FB52 /* Assets.xcassets */; };
		56A1AC4C2189F4B100A5FB52 /* LaunchScreen.storyboard in Resources */ = {isa = PBXBuildFile; fileRef = 56A1AC4A2189F4B100A5FB52 /* LaunchScreen.storyboard */; };
		56A1AC542189F8E500A5FB52 /* Login.storyboard in Resources */ = {isa = PBXBuildFile; fileRef = 56A1AC532189F8E500A5FB52 /* Login.storyboard */; };
		56A1AC562189F8F900A5FB52 /* LoginViewController.swift in Sources */ = {isa = PBXBuildFile; fileRef = 56A1AC552189F8F900A5FB52 /* LoginViewController.swift */; };
		56AFFBDF2190416400F93723 /* LigandTableViewCell.swift in Sources */ = {isa = PBXBuildFile; fileRef = 56AFFBDE2190416400F93723 /* LigandTableViewCell.swift */; };
		56AFFBE1219043B400F93723 /* data.swift in Sources */ = {isa = PBXBuildFile; fileRef = 56AFFBE0219043B400F93723 /* data.swift */; };
		56AFFBE5219044EC00F93723 /* ligands.txt in Resources */ = {isa = PBXBuildFile; fileRef = 56AFFBE4219044EC00F93723 /* ligands.txt */; };
		56B4DD78219EA89E00B2D428 /* CylinderClass.swift in Sources */ = {isa = PBXBuildFile; fileRef = 56B4DD77219EA89E00B2D428 /* CylinderClass.swift */; };
/* End PBXBuildFile section */

/* Begin PBXFileReference section */
		567F816421943032007F115F /* SceneViewController.swift */ = {isa = PBXFileReference; lastKnownFileType = sourcecode.swift; path = SceneViewController.swift; sourceTree = "<group>"; };
		56A1AC3E2189F49E00A5FB52 /* swifty-protein.app */ = {isa = PBXFileReference; explicitFileType = wrapper.application; includeInIndex = 0; path = "swifty-protein.app"; sourceTree = BUILT_PRODUCTS_DIR; };
		56A1AC412189F49E00A5FB52 /* AppDelegate.swift */ = {isa = PBXFileReference; lastKnownFileType = sourcecode.swift; path = AppDelegate.swift; sourceTree = "<group>"; };
		56A1AC432189F49E00A5FB52 /* ViewController.swift */ = {isa = PBXFileReference; lastKnownFileType = sourcecode.swift; path = ViewController.swift; sourceTree = "<group>"; };
		56A1AC462189F49E00A5FB52 /* Base */ = {isa = PBXFileReference; lastKnownFileType = file.storyboard; name = Base; path = Base.lproj/Main.storyboard; sourceTree = "<group>"; };
		56A1AC482189F4B100A5FB52 /* Assets.xcassets */ = {isa = PBXFileReference; lastKnownFileType = folder.assetcatalog; path = Assets.xcassets; sourceTree = "<group>"; };
		56A1AC4B2189F4B100A5FB52 /* Base */ = {isa = PBXFileReference; lastKnownFileType = file.storyboard; name = Base; path = Base.lproj/LaunchScreen.storyboard; sourceTree = "<group>"; };
		56A1AC4D2189F4B100A5FB52 /* Info.plist */ = {isa = PBXFileReference; lastKnownFileType = text.plist.xml; path = Info.plist; sourceTree = "<group>"; };
		56A1AC532189F8E500A5FB52 /* Login.storyboard */ = {isa = PBXFileReference; lastKnownFileType = file.storyboard; path = Login.storyboard; sourceTree = "<group>"; };
		56A1AC552189F8F900A5FB52 /* LoginViewController.swift */ = {isa = PBXFileReference; lastKnownFileType = sourcecode.swift; path = LoginViewController.swift; sourceTree = "<group>"; };
		56AFFBDE2190416400F93723 /* LigandTableViewCell.swift */ = {isa = PBXFileReference; lastKnownFileType = sourcecode.swift; path = LigandTableViewCell.swift; sourceTree = "<group>"; };
		56AFFBE0219043B400F93723 /* data.swift */ = {isa = PBXFileReference; lastKnownFileType = sourcecode.swift; path = data.swift; sourceTree = "<group>"; };
		56AFFBE4219044EC00F93723 /* ligands.txt */ = {isa = PBXFileReference; lastKnownFileType = text; path = ligands.txt; sourceTree = "<group>"; };
		56B4DD77219EA89E00B2D428 /* CylinderClass.swift */ = {isa = PBXFileReference; lastKnownFileType = sourcecode.swift; path = CylinderClass.swift; sourceTree = "<group>"; };
/* End PBXFileReference section */

/* Begin PBXFrameworksBuildPhase section */
		56A1AC3B2189F49E00A5FB52 /* Frameworks */ = {
			isa = PBXFrameworksBuildPhase;
			buildActionMask = 2147483647;
			files = (
			);
			runOnlyForDeploymentPostprocessing = 0;
		};
/* End PBXFrameworksBuildPhase section */

/* Begin PBXGroup section */
		56A1AC352189F49E00A5FB52 = {
			isa = PBXGroup;
			children = (
				56A1AC402189F49E00A5FB52 /* swifty-protein */,
				56A1AC3F2189F49E00A5FB52 /* Products */,
			);
			sourceTree = "<group>";
		};
		56A1AC3F2189F49E00A5FB52 /* Products */ = {
			isa = PBXGroup;
			children = (
				56A1AC3E2189F49E00A5FB52 /* swifty-protein.app */,
			);
			name = Products;
			sourceTree = "<group>";
		};
		56A1AC402189F49E00A5FB52 /* swifty-protein */ = {
			isa = PBXGroup;
			children = (
				56A1AC412189F49E00A5FB52 /* AppDelegate.swift */,
				56A1AC432189F49E00A5FB52 /* ViewController.swift */,
				56AFFBE0219043B400F93723 /* data.swift */,
				56A1AC552189F8F900A5FB52 /* LoginViewController.swift */,
				56AFFBE4219044EC00F93723 /* ligands.txt */,
				56AFFBDE2190416400F93723 /* LigandTableViewCell.swift */,
				56A1AC532189F8E500A5FB52 /* Login.storyboard */,
				56A1AC452189F49E00A5FB52 /* Main.storyboard */,
				56A1AC482189F4B100A5FB52 /* Assets.xcassets */,
				56A1AC4A2189F4B100A5FB52 /* LaunchScreen.storyboard */,
				567F816421943032007F115F /* SceneViewController.swift */,
				56B4DD77219EA89E00B2D428 /* CylinderClass.swift */,
				56A1AC4D2189F4B100A5FB52 /* Info.plist */,
			);
			path = "swifty-protein";
			sourceTree = "<group>";
		};
/* End PBXGroup section */

/* Begin PBXNativeTarget section */
		56A1AC3D2189F49E00A5FB52 /* swifty-protein */ = {
			isa = PBXNativeTarget;
			buildConfigurationList = 56A1AC502189F4B100A5FB52 /* Build configuration list for PBXNativeTarget "swifty-protein" */;
			buildPhases = (
				56A1AC3A2189F49E00A5FB52 /* Sources */,
				56A1AC3B2189F49E00A5FB52 /* Frameworks */,
				56A1AC3C2189F49E00A5FB52 /* Resources */,
			);
			buildRules = (
			);
			dependencies = (
			);
			name = "swifty-protein";
			productName = "swifty-protein";
			productReference = 56A1AC3E2189F49E00A5FB52 /* swifty-protein.app */;
			productType = "com.apple.product-type.application";
		};
/* End PBXNativeTarget section */

/* Begin PBXProject section */
		56A1AC362189F49E00A5FB52 /* Project object */ = {
			isa = PBXProject;
			attributes = {
				LastSwiftUpdateCheck = 1000;
				LastUpgradeCheck = 1000;
				ORGANIZATIONNAME = "Hendrik STANDER";
				TargetAttributes = {
					56A1AC3D2189F49E00A5FB52 = {
						CreatedOnToolsVersion = 10.0;
					};
				};
			};
			buildConfigurationList = 56A1AC392189F49E00A5FB52 /* Build configuration list for PBXProject "swifty-protein" */;
			compatibilityVersion = "Xcode 9.3";
			developmentRegion = en;
			hasScannedForEncodings = 0;
			knownRegions = (
				en,
				Base,
			);
			mainGroup = 56A1AC352189F49E00A5FB52;
			productRefGroup = 56A1AC3F2189F49E00A5FB52 /* Products */;
			projectDirPath = "";
			projectRoot = "";
			targets = (
				56A1AC3D2189F49E00A5FB52 /* swifty-protein */,
			);
		};
/* End PBXProject section */

/* Begin PBXResourcesBuildPhase section */
		56A1AC3C2189F49E00A5FB52 /* Resources */ = {
			isa = PBXResourcesBuildPhase;
			buildActionMask = 2147483647;
			files = (
				56A1AC542189F8E500A5FB52 /* Login.storyboard in Resources */,
				56AFFBE5219044EC00F93723 /* ligands.txt in Resources */,
				56A1AC4C2189F4B100A5FB52 /* LaunchScreen.storyboard in Resources */,
				56A1AC492189F4B100A5FB52 /* Assets.xcassets in Resources */,
				56A1AC472189F49E00A5FB52 /* Main.storyboard in Resources */,
			);
			runOnlyForDeploymentPostprocessing = 0;
		};
/* End PBXResourcesBuildPhase section */

/* Begin PBXSourcesBuildPhase section */
		56A1AC3A2189F49E00A5FB52 /* Sources */ = {
			isa = PBXSourcesBuildPhase;
			buildActionMask = 2147483647;
			files = (
				56A1AC562189F8F900A5FB52 /* LoginViewController.swift in Sources */,
				56A1AC442189F49E00A5FB52 /* ViewController.swift in Sources */,
				56AFFBDF2190416400F93723 /* LigandTableViewCell.swift in Sources */,
				567F816521943032007F115F /* SceneViewController.swift in Sources */,
				56AFFBE1219043B400F93723 /* data.swift in Sources */,
				56A1AC422189F49E00A5FB52 /* AppDelegate.swift in Sources */,
				56B4DD78219EA89E00B2D428 /* CylinderClass.swift in Sources */,
			);
			runOnlyForDeploymentPostprocessing = 0;
		};
/* End PBXSourcesBuildPhase section */

/* Begin PBXVariantGroup section */
		56A1AC452189F49E00A5FB52 /* Main.storyboard */ = {
			isa = PBXVariantGroup;
			children = (
				56A1AC462189F49E00A5FB52 /* Base */,
			);
			name = Main.storyboard;
			sourceTree = "<group>";
		};
		56A1AC4A2189F4B100A5FB52 /* LaunchScreen.storyboard */ = {
			isa = PBXVariantGroup;
			children = (
				56A1AC4B2189F4B100A5FB52 /* Base */,
			);
			name = LaunchScreen.storyboard;
			sourceTree = "<group>";
		};
/* End PBXVariantGroup section */

/* Begin XCBuildConfiguration section */
		56A1AC4E2189F4B100A5FB52 /* Debug */ = {
			isa = XCBuildConfiguration;
			buildSettings = {
				ALWAYS_SEARCH_USER_PATHS = NO;
				CLANG_ANALYZER_NONNULL = YES;
				CLANG_ANALYZER_NUMBER_OBJECT_CONVERSION = YES_AGGRESSIVE;
				CLANG_CXX_LANGUAGE_STANDARD = "gnu++14";
				CLANG_CXX_LIBRARY = "libc++";
				CLANG_ENABLE_MODULES = YES;
				CLANG_ENABLE_OBJC_ARC = YES;
				CLANG_ENABLE_OBJC_WEAK = YES;
				CLANG_WARN_BLOCK_CAPTURE_AUTORELEASING = YES;
				CLANG_WARN_BOOL_CONVERSION = YES;
				CLANG_WARN_COMMA = YES;
				CLANG_WARN_CONSTANT_CONVERSION = YES;
				CLANG_WARN_DEPRECATED_OBJC_IMPLEMENTATIONS = YES;
				CLANG_WARN_DIRECT_OBJC_ISA_USAGE = YES_ERROR;
				CLANG_WARN_DOCUMENTATION_COMMENTS = YES;
				CLANG_WARN_EMPTY_BODY = YES;
				CLANG_WARN_ENUM_CONVERSION = YES;
				CLANG_WARN_INFINITE_RECURSION = YES;
				CLANG_WARN_INT_CONVERSION = YES;
				CLANG_WARN_NON_LITERAL_NULL_CONVERSION = YES;
				CLANG_WARN_OBJC_IMPLICIT_RETAIN_SELF = YES;
				CLANG_WARN_OBJC_LITERAL_CONVERSION = YES;
				CLANG_WARN_OBJC_ROOT_CLASS = YES_ERROR;
				CLANG_WARN_RANGE_LOOP_ANALYSIS = YES;
				CLANG_WARN_STRICT_PROTOTYPES = YES;
				CLANG_WARN_SUSPICIOUS_MOVE = YES;
				CLANG_WARN_UNGUARDED_AVAILABILITY = YES_AGGRESSIVE;
				CLANG_WARN_UNREACHABLE_CODE = YES;
				CLANG_WARN__DUPLICATE_METHOD_MATCH = YES;
				CODE_SIGN_IDENTITY = "iPhone Developer";
				COPY_PHASE_STRIP = NO;
				DEBUG_INFORMATION_FORMAT = dwarf;
				ENABLE_STRICT_OBJC_MSGSEND = YES;
				ENABLE_TESTABILITY = YES;
				GCC_C_LANGUAGE_STANDARD = gnu11;
				GCC_DYNAMIC_NO_PIC = NO;
				GCC_NO_COMMON_BLOCKS = YES;
				GCC_OPTIMIZATION_LEVEL = 0;
				GCC_PREPROCESSOR_DEFINITIONS = (
					"DEBUG=1",
					"$(inherited)",
				);
				GCC_WARN_64_TO_32_BIT_CONVERSION = YES;
				GCC_WARN_ABOUT_RETURN_TYPE = YES_ERROR;
				GCC_WARN_UNDECLARED_SELECTOR = YES;
				GCC_WARN_UNINITIALIZED_AUTOS = YES_AGGRESSIVE;
				GCC_WARN_UNUSED_FUNCTION = YES;
				GCC_WARN_UNUSED_VARIABLE = YES;
				IPHONEOS_DEPLOYMENT_TARGET = 12.0;
				MTL_ENABLE_DEBUG_INFO = INCLUDE_SOURCE;
				MTL_FAST_MATH = YES;
				ONLY_ACTIVE_ARCH = YES;
				SDKROOT = iphoneos;
				SWIFT_ACTIVE_COMPILATION_CONDITIONS = DEBUG;
				SWIFT_OPTIMIZATION_LEVEL = "-Onone";
			};
			name = Debug;
		};
		56A1AC4F2189F4B100A5FB52 /* Release */ = {
			isa = XCBuildConfiguration;
			buildSettings = {
				ALWAYS_SEARCH_USER_PATHS = NO;
				CLANG_ANALYZER_NONNULL = YES;
				CLANG_ANALYZER_NUMBER_OBJECT_CONVERSION = YES_AGGRESSIVE;
				CLANG_CXX_LANGUAGE_STANDARD = "gnu++14";
				CLANG_CXX_LIBRARY = "libc++";
				CLANG_ENABLE_MODULES = YES;
				CLANG_ENABLE_OBJC_ARC = YES;
				CLANG_ENABLE_OBJC_WEAK = YES;
				CLANG_WARN_BLOCK_CAPTURE_AUTORELEASING = YES;
				CLANG_WARN_BOOL_CONVERSION = YES;
				CLANG_WARN_COMMA = YES;
				CLANG_WARN_CONSTANT_CONVERSION = YES;
				CLANG_WARN_DEPRECATED_OBJC_IMPLEMENTATIONS = YES;
				CLANG_WARN_DIRECT_OBJC_ISA_USAGE = YES_ERROR;
				CLANG_WARN_DOCUMENTATION_COMMENTS = YES;
				CLANG_WARN_EMPTY_BODY = YES;
				CLANG_WARN_ENUM_CONVERSION = YES;
				CLANG_WARN_INFINITE_RECURSION = YES;
				CLANG_WARN_INT_CONVERSION = YES;
				CLANG_WARN_NON_LITERAL_NULL_CONVERSION = YES;
				CLANG_WARN_OBJC_IMPLICIT_RETAIN_SELF = YES;
				CLANG_WARN_OBJC_LITERAL_CONVERSION = YES;
				CLANG_WARN_OBJC_ROOT_CLASS = YES_ERROR;
				CLANG_WARN_RANGE_LOOP_ANALYSIS = YES;
				CLANG_WARN_STRICT_PROTOTYPES = YES;
				CLANG_WARN_SUSPICIOUS_MOVE = YES;
				CLANG_WARN_UNGUARDED_AVAILABILITY = YES_AGGRESSIVE;
				CLANG_WARN_UNREACHABLE_CODE = YES;
				CLANG_WARN__DUPLICATE_METHOD_MATCH = YES;
				CODE_SIGN_IDENTITY = "iPhone Developer";
				COPY_PHASE_STRIP = NO;
				DEBUG_INFORMATION_FORMAT = "dwarf-with-dsym";
				ENABLE_NS_ASSERTIONS = NO;
				ENABLE_STRICT_OBJC_MSGSEND = YES;
				GCC_C_LANGUAGE_STANDARD = gnu11;
				GCC_NO_COMMON_BLOCKS = YES;
				GCC_WARN_64_TO_32_BIT_CONVERSION = YES;
				GCC_WARN_ABOUT_RETURN_TYPE = YES_ERROR;
				GCC_WARN_UNDECLARED_SELECTOR = YES;
				GCC_WARN_UNINITIALIZED_AUTOS = YES_AGGRESSIVE;
				GCC_WARN_UNUSED_FUNCTION = YES;
				GCC_WARN_UNUSED_VARIABLE = YES;
				IPHONEOS_DEPLOYMENT_TARGET = 12.0;
				MTL_ENABLE_DEBUG_INFO = NO;
				MTL_FAST_MATH = YES;
				SDKROOT = iphoneos;
				SWIFT_COMPILATION_MODE = wholemodule;
				SWIFT_OPTIMIZATION_LEVEL = "-O";
				VALIDATE_PRODUCT = YES;
			};
			name = Release;
		};
		56A1AC512189F4B100A5FB52 /* Debug */ = {
			isa = XCBuildConfiguration;
			buildSettings = {
				ASSETCATALOG_COMPILER_APPICON_NAME = AppIcon;
				CODE_SIGN_STYLE = Automatic;
				INFOPLIST_FILE = "swifty-protein/Info.plist";
				IPHONEOS_DEPLOYMENT_TARGET = 9.0;
				LD_RUNPATH_SEARCH_PATHS = (
					"$(inherited)",
					"@executable_path/Frameworks",
				);
				PRODUCT_BUNDLE_IDENTIFIER = "wethinkcode.student-hstander.swifty-protein";
				PRODUCT_NAME = "$(TARGET_NAME)";
				SWIFT_VERSION = 4.2;
				TARGETED_DEVICE_FAMILY = "1,2";
			};
			name = Debug;
		};
		56A1AC522189F4B100A5FB52 /* Release */ = {
			isa = XCBuildConfiguration;
			buildSettings = {
				ASSETCATALOG_COMPILER_APPICON_NAME = AppIcon;
				CODE_SIGN_STYLE = Automatic;
				INFOPLIST_FILE = "swifty-protein/Info.plist";
				IPHONEOS_DEPLOYMENT_TARGET = 9.0;
				LD_RUNPATH_SEARCH_PATHS = (
					"$(inherited)",
					"@executable_path/Frameworks",
				);
				PRODUCT_BUNDLE_IDENTIFIER = "wethinkcode.student-hstander.swifty-protein";
				PRODUCT_NAME = "$(TARGET_NAME)";
				SWIFT_VERSION = 4.2;
				TARGETED_DEVICE_FAMILY = "1,2";
			};
			name = Release;
		};
/* End XCBuildConfiguration section */

/* Begin XCConfigurationList section */
		56A1AC392189F49E00A5FB52 /* Build configuration list for PBXProject "swifty-protein" */ = {
			isa = XCConfigurationList;
			buildConfigurations = (
				56A1AC4E2189F4B100A5FB52 /* Debug */,
				56A1AC4F2189F4B100A5FB52 /* Release */,
			);
			defaultConfigurationIsVisible = 0;
			defaultConfigurationName = Release;
		};
		56A1AC502189F4B100A5FB52 /* Build configuration list for PBXNativeTarget "swifty-protein" */ = {
			isa = XCConfigurationList;
			buildConfigurations = (
				56A1AC512189F4B100A5FB52 /* Debug */,
				56A1AC522189F4B100A5FB52 /* Release */,
			);
			defaultConfigurationIsVisible = 0;
			defaultConfigurationName = Release;
		};
/* End XCConfigurationList section */
	};
	rootObject = 56A1AC362189F49E00A5FB52 /* Project object */;
}
